// !$*UTF8*$!
{
	archiveVersion = 1;
	classes = {
	};
	objectVersion = 50;
	objects = {

/* Begin PBXBuildFile section */
		E768065825273E740098BC94 /* CardImageView.m in Sources */ = {isa = PBXBuildFile; fileRef = E768065725273E740098BC94 /* CardImageView.m */; };
		E7753C86256429F7009A3A2F /* MainMenu.m in Sources */ = {isa = PBXBuildFile; fileRef = E7753C85256429F7009A3A2F /* MainMenu.m */; };
		E77E0AED252622BE0029010A /* Deck.m in Sources */ = {isa = PBXBuildFile; fileRef = E77E0AEC252622BE0029010A /* Deck.m */; };
		E77E0AF025262DF80029010A /* Game.m in Sources */ = {isa = PBXBuildFile; fileRef = E77E0AEF25262DF80029010A /* Game.m */; };
		E7BD072025260A9D00D0528E /* AppDelegate.m in Sources */ = {isa = PBXBuildFile; fileRef = E7BD071F25260A9D00D0528E /* AppDelegate.m */; };
		E7BD072325260A9D00D0528E /* MainViewController.m in Sources */ = {isa = PBXBuildFile; fileRef = E7BD072225260A9D00D0528E /* MainViewController.m */; };
		E7BD072525260A9F00D0528E /* Assets.xcassets in Resources */ = {isa = PBXBuildFile; fileRef = E7BD072425260A9F00D0528E /* Assets.xcassets */; };
		E7BD072825260A9F00D0528E /* Main.storyboard in Resources */ = {isa = PBXBuildFile; fileRef = E7BD072625260A9F00D0528E /* Main.storyboard */; };
		E7BD072B25260A9F00D0528E /* main.m in Sources */ = {isa = PBXBuildFile; fileRef = E7BD072A25260A9F00D0528E /* main.m */; };
		E7BD073925260B1900D0528E /* utils.m in Sources */ = {isa = PBXBuildFile; fileRef = E7BD073725260B1900D0528E /* utils.m */; };
		E7BD073C25260B2200D0528E /* Card.m in Sources */ = {isa = PBXBuildFile; fileRef = E7BD073A25260B2200D0528E /* Card.m */; };
/* End PBXBuildFile section */

/* Begin PBXFileReference section */
		E7615AE4252F314E000082BA /* GameDelegate.h */ = {isa = PBXFileReference; lastKnownFileType = sourcecode.c.h; path = GameDelegate.h; sourceTree = "<group>"; };
		E768065625273E740098BC94 /* CardImageView.h */ = {isa = PBXFileReference; lastKnownFileType = sourcecode.c.h; path = CardImageView.h; sourceTree = "<group>"; };
		E768065725273E740098BC94 /* CardImageView.m */ = {isa = PBXFileReference; lastKnownFileType = sourcecode.c.objc; path = CardImageView.m; sourceTree = "<group>"; };
		E7753C84256429F7009A3A2F /* MainMenu.h */ = {isa = PBXFileReference; lastKnownFileType = sourcecode.c.h; path = MainMenu.h; sourceTree = "<group>"; };
		E7753C85256429F7009A3A2F /* MainMenu.m */ = {isa = PBXFileReference; lastKnownFileType = sourcecode.c.objc; path = MainMenu.m; sourceTree = "<group>"; };
		E77E0AEA252610800029010A /* LOG.h */ = {isa = PBXFileReference; lastKnownFileType = sourcecode.c.h; path = LOG.h; sourceTree = "<group>"; };
		E77E0AEB252622BE0029010A /* Deck.h */ = {isa = PBXFileReference; lastKnownFileType = sourcecode.c.h; path = Deck.h; sourceTree = "<group>"; };
		E77E0AEC252622BE0029010A /* Deck.m */ = {isa = PBXFileReference; lastKnownFileType = sourcecode.c.objc; path = Deck.m; sourceTree = "<group>"; };
		E77E0AEE25262DF80029010A /* Game.h */ = {isa = PBXFileReference; lastKnownFileType = sourcecode.c.h; path = Game.h; sourceTree = "<group>"; };
		E77E0AEF25262DF80029010A /* Game.m */ = {isa = PBXFileReference; lastKnownFileType = sourcecode.c.objc; path = Game.m; sourceTree = "<group>"; };
		E7BD071B25260A9D00D0528E /* FreeCells2.app */ = {isa = PBXFileReference; explicitFileType = wrapper.application; includeInIndex = 0; path = FreeCells2.app; sourceTree = BUILT_PRODUCTS_DIR; };
		E7BD071E25260A9D00D0528E /* AppDelegate.h */ = {isa = PBXFileReference; lastKnownFileType = sourcecode.c.h; path = AppDelegate.h; sourceTree = "<group>"; };
		E7BD071F25260A9D00D0528E /* AppDelegate.m */ = {isa = PBXFileReference; lastKnownFileType = sourcecode.c.objc; path = AppDelegate.m; sourceTree = "<group>"; };
		E7BD072125260A9D00D0528E /* MainViewController.h */ = {isa = PBXFileReference; lastKnownFileType = sourcecode.c.h; path = MainViewController.h; sourceTree = "<group>"; };
		E7BD072225260A9D00D0528E /* MainViewController.m */ = {isa = PBXFileReference; lastKnownFileType = sourcecode.c.objc; path = MainViewController.m; sourceTree = "<group>"; };
		E7BD072425260A9F00D0528E /* Assets.xcassets */ = {isa = PBXFileReference; lastKnownFileType = folder.assetcatalog; path = Assets.xcassets; sourceTree = "<group>"; };
		E7BD072725260A9F00D0528E /* Base */ = {isa = PBXFileReference; lastKnownFileType = file.storyboard; name = Base; path = Base.lproj/Main.storyboard; sourceTree = "<group>"; };
		E7BD072925260A9F00D0528E /* Info.plist */ = {isa = PBXFileReference; lastKnownFileType = text.plist.xml; path = Info.plist; sourceTree = "<group>"; };
		E7BD072A25260A9F00D0528E /* main.m */ = {isa = PBXFileReference; lastKnownFileType = sourcecode.c.objc; path = main.m; sourceTree = "<group>"; };
		E7BD072C25260A9F00D0528E /* FreeCells2.entitlements */ = {isa = PBXFileReference; lastKnownFileType = text.plist.entitlements; path = FreeCells2.entitlements; sourceTree = "<group>"; };
		E7BD073625260B1900D0528E /* utils.h */ = {isa = PBXFileReference; fileEncoding = 4; lastKnownFileType = sourcecode.c.h; path = utils.h; sourceTree = "<group>"; };
		E7BD073725260B1900D0528E /* utils.m */ = {isa = PBXFileReference; fileEncoding = 4; lastKnownFileType = sourcecode.c.objc; path = utils.m; sourceTree = "<group>"; };
		E7BD073825260B1900D0528E /* constants.h */ = {isa = PBXFileReference; fileEncoding = 4; lastKnownFileType = sourcecode.c.h; path = constants.h; sourceTree = "<group>"; };
		E7BD073A25260B2200D0528E /* Card.m */ = {isa = PBXFileReference; fileEncoding = 4; lastKnownFileType = sourcecode.c.objc; path = Card.m; sourceTree = "<group>"; };
		E7BD073B25260B2200D0528E /* Card.h */ = {isa = PBXFileReference; fileEncoding = 4; lastKnownFileType = sourcecode.c.h; path = Card.h; sourceTree = "<group>"; };
		E7E5BB1D255FE00300BCBA38 /* AlertDelegate.h */ = {isa = PBXFileReference; lastKnownFileType = sourcecode.c.h; path = AlertDelegate.h; sourceTree = "<group>"; };
/* End PBXFileReference section */

/* Begin PBXFrameworksBuildPhase section */
		E7BD071825260A9D00D0528E /* Frameworks */ = {
			isa = PBXFrameworksBuildPhase;
			buildActionMask = 2147483647;
			files = (
			);
			runOnlyForDeploymentPostprocessing = 0;
		};
/* End PBXFrameworksBuildPhase section */

/* Begin PBXGroup section */
		E7680655252726210098BC94 /* Components */ = {
			isa = PBXGroup;
			children = (
				E768065625273E740098BC94 /* CardImageView.h */,
				E768065725273E740098BC94 /* CardImageView.m */,
			);
			path = Components;
			sourceTree = "<group>";
		};
		E7BD071225260A9D00D0528E = {
			isa = PBXGroup;
			children = (
				E7BD071D25260A9D00D0528E /* FreeCells2 */,
				E7BD071C25260A9D00D0528E /* Products */,
			);
			sourceTree = "<group>";
		};
		E7BD071C25260A9D00D0528E /* Products */ = {
			isa = PBXGroup;
			children = (
				E7BD071B25260A9D00D0528E /* FreeCells2.app */,
			);
			name = Products;
			sourceTree = "<group>";
		};
		E7BD071D25260A9D00D0528E /* FreeCells2 */ = {
			isa = PBXGroup;
			children = (
				E7BD073525260ACD00D0528E /* Util */,
				E7BD073425260AC000D0528E /* Delegate */,
				E7BD073325260AB900D0528E /* Model */,
				E7BD073225260AB300D0528E /* View */,
				E7BD072425260A9F00D0528E /* Assets.xcassets */,
				E7BD072625260A9F00D0528E /* Main.storyboard */,
				E7BD072925260A9F00D0528E /* Info.plist */,
				E7BD072A25260A9F00D0528E /* main.m */,
				E7BD072C25260A9F00D0528E /* FreeCells2.entitlements */,
			);
			path = FreeCells2;
			sourceTree = "<group>";
		};
		E7BD073225260AB300D0528E /* View */ = {
			isa = PBXGroup;
			children = (
				E7680655252726210098BC94 /* Components */,
				E7BD072125260A9D00D0528E /* MainViewController.h */,
				E7BD072225260A9D00D0528E /* MainViewController.m */,
				E7753C84256429F7009A3A2F /* MainMenu.h */,
				E7753C85256429F7009A3A2F /* MainMenu.m */,
			);
			path = View;
			sourceTree = "<group>";
		};
		E7BD073325260AB900D0528E /* Model */ = {
			isa = PBXGroup;
			children = (
				E7BD073B25260B2200D0528E /* Card.h */,
				E7BD073A25260B2200D0528E /* Card.m */,
				E77E0AEB252622BE0029010A /* Deck.h */,
				E77E0AEC252622BE0029010A /* Deck.m */,
				E77E0AEE25262DF80029010A /* Game.h */,
				E77E0AEF25262DF80029010A /* Game.m */,
			);
			path = Model;
			sourceTree = "<group>";
		};
		E7BD073425260AC000D0528E /* Delegate */ = {
			isa = PBXGroup;
			children = (
				E7BD071E25260A9D00D0528E /* AppDelegate.h */,
				E7BD071F25260A9D00D0528E /* AppDelegate.m */,
				E7615AE4252F314E000082BA /* GameDelegate.h */,
				E7E5BB1D255FE00300BCBA38 /* AlertDelegate.h */,
			);
			path = Delegate;
			sourceTree = "<group>";
		};
		E7BD073525260ACD00D0528E /* Util */ = {
			isa = PBXGroup;
			children = (
				E7BD073825260B1900D0528E /* constants.h */,
				E7BD073625260B1900D0528E /* utils.h */,
				E7BD073725260B1900D0528E /* utils.m */,
				E77E0AEA252610800029010A /* LOG.h */,
			);
			path = Util;
			sourceTree = "<group>";
		};
/* End PBXGroup section */

/* Begin PBXNativeTarget section */
		E7BD071A25260A9D00D0528E /* FreeCells2 */ = {
			isa = PBXNativeTarget;
			buildConfigurationList = E7BD072F25260A9F00D0528E /* Build configuration list for PBXNativeTarget "FreeCells2" */;
			buildPhases = (
				E7BD071725260A9D00D0528E /* Sources */,
				E7BD071825260A9D00D0528E /* Frameworks */,
				E7BD071925260A9D00D0528E /* Resources */,
			);
			buildRules = (
			);
			dependencies = (
			);
			name = FreeCells2;
			productName = FreeCells2;
			productReference = E7BD071B25260A9D00D0528E /* FreeCells2.app */;
			productType = "com.apple.product-type.application";
		};
/* End PBXNativeTarget section */

/* Begin PBXProject section */
		E7BD071325260A9D00D0528E /* Project object */ = {
			isa = PBXProject;
			attributes = {
				LastUpgradeCheck = 1140;
				ORGANIZATIONNAME = "Alan L  Hamilton";
				TargetAttributes = {
					E7BD071A25260A9D00D0528E = {
						CreatedOnToolsVersion = 11.4.1;
					};
				};
			};
			buildConfigurationList = E7BD071625260A9D00D0528E /* Build configuration list for PBXProject "FreeCells2" */;
			compatibilityVersion = "Xcode 9.3";
			developmentRegion = en;
			hasScannedForEncodings = 0;
			knownRegions = (
				en,
				Base,
			);
			mainGroup = E7BD071225260A9D00D0528E;
			productRefGroup = E7BD071C25260A9D00D0528E /* Products */;
			projectDirPath = "";
			projectRoot = "";
			targets = (
				E7BD071A25260A9D00D0528E /* FreeCells2 */,
			);
		};
/* End PBXProject section */

/* Begin PBXResourcesBuildPhase section */
		E7BD071925260A9D00D0528E /* Resources */ = {
			isa = PBXResourcesBuildPhase;
			buildActionMask = 2147483647;
			files = (
				E7BD072525260A9F00D0528E /* Assets.xcassets in Resources */,
				E7BD072825260A9F00D0528E /* Main.storyboard in Resources */,
			);
			runOnlyForDeploymentPostprocessing = 0;
		};
/* End PBXResourcesBuildPhase section */

/* Begin PBXSourcesBuildPhase section */
		E7BD071725260A9D00D0528E /* Sources */ = {
			isa = PBXSourcesBuildPhase;
			buildActionMask = 2147483647;
			files = (
				E7BD073C25260B2200D0528E /* Card.m in Sources */,
				E7BD072325260A9D00D0528E /* MainViewController.m in Sources */,
				E768065825273E740098BC94 /* CardImageView.m in Sources */,
				E7BD072B25260A9F00D0528E /* main.m in Sources */,
				E7BD072025260A9D00D0528E /* AppDelegate.m in Sources */,
				E77E0AED252622BE0029010A /* Deck.m in Sources */,
				E77E0AF025262DF80029010A /* Game.m in Sources */,
				E7BD073925260B1900D0528E /* utils.m in Sources */,
				E7753C86256429F7009A3A2F /* MainMenu.m in Sources */,
			);
			runOnlyForDeploymentPostprocessing = 0;
		};
/* End PBXSourcesBuildPhase section */

/* Begin PBXVariantGroup section */
		E7BD072625260A9F00D0528E /* Main.storyboard */ = {
			isa = PBXVariantGroup;
			children = (
				E7BD072725260A9F00D0528E /* Base */,
			);
			name = Main.storyboard;
			sourceTree = "<group>";
		};
/* End PBXVariantGroup section */

/* Begin XCBuildConfiguration section */
		E7BD072D25260A9F00D0528E /* Debug */ = {
			isa = XCBuildConfiguration;
			buildSettings = {
				ALWAYS_SEARCH_USER_PATHS = NO;
				CLANG_ANALYZER_NONNULL = YES;
				CLANG_ANALYZER_NUMBER_OBJECT_CONVERSION = YES_AGGRESSIVE;
				CLANG_CXX_LANGUAGE_STANDARD = "gnu++14";
				CLANG_CXX_LIBRARY = "libc++";
				CLANG_ENABLE_MODULES = YES;
				CLANG_ENABLE_OBJC_ARC = YES;
				CLANG_ENABLE_OBJC_WEAK = YES;
				CLANG_WARN_BLOCK_CAPTURE_AUTORELEASING = YES;
				CLANG_WARN_BOOL_CONVERSION = YES;
				CLANG_WARN_COMMA = YES;
				CLANG_WARN_CONSTANT_CONVERSION = YES;
				CLANG_WARN_DEPRECATED_OBJC_IMPLEMENTATIONS = YES;
				CLANG_WARN_DIRECT_OBJC_ISA_USAGE = YES_ERROR;
				CLANG_WARN_DOCUMENTATION_COMMENTS = YES;
				CLANG_WARN_EMPTY_BODY = YES;
				CLANG_WARN_ENUM_CONVERSION = YES;
				CLANG_WARN_INFINITE_RECURSION = YES;
				CLANG_WARN_INT_CONVERSION = YES;
				CLANG_WARN_NON_LITERAL_NULL_CONVERSION = YES;
				CLANG_WARN_OBJC_IMPLICIT_RETAIN_SELF = YES;
				CLANG_WARN_OBJC_LITERAL_CONVERSION = YES;
				CLANG_WARN_OBJC_ROOT_CLASS = YES_ERROR;
				CLANG_WARN_RANGE_LOOP_ANALYSIS = YES;
				CLANG_WARN_STRICT_PROTOTYPES = YES;
				CLANG_WARN_SUSPICIOUS_MOVE = YES;
				CLANG_WARN_UNGUARDED_AVAILABILITY = YES_AGGRESSIVE;
				CLANG_WARN_UNREACHABLE_CODE = YES;
				CLANG_WARN__DUPLICATE_METHOD_MATCH = YES;
				COPY_PHASE_STRIP = NO;
				DEBUG_INFORMATION_FORMAT = dwarf;
				ENABLE_STRICT_OBJC_MSGSEND = YES;
				ENABLE_TESTABILITY = YES;
				GCC_C_LANGUAGE_STANDARD = gnu11;
				GCC_DYNAMIC_NO_PIC = NO;
				GCC_NO_COMMON_BLOCKS = YES;
				GCC_OPTIMIZATION_LEVEL = 0;
				GCC_PREPROCESSOR_DEFINITIONS = (
					"DEBUG=1",
					"$(inherited)",
				);
				GCC_WARN_64_TO_32_BIT_CONVERSION = YES;
				GCC_WARN_ABOUT_RETURN_TYPE = YES_ERROR;
				GCC_WARN_UNDECLARED_SELECTOR = YES;
				GCC_WARN_UNINITIALIZED_AUTOS = YES_AGGRESSIVE;
				GCC_WARN_UNUSED_FUNCTION = YES;
				GCC_WARN_UNUSED_VARIABLE = YES;
				MACOSX_DEPLOYMENT_TARGET = 10.15;
				MTL_ENABLE_DEBUG_INFO = INCLUDE_SOURCE;
				MTL_FAST_MATH = YES;
				ONLY_ACTIVE_ARCH = YES;
				SDKROOT = macosx;
			};
			name = Debug;
		};
		E7BD072E25260A9F00D0528E /* Release */ = {
			isa = XCBuildConfiguration;
			buildSettings = {
				ALWAYS_SEARCH_USER_PATHS = NO;
				CLANG_ANALYZER_NONNULL = YES;
				CLANG_ANALYZER_NUMBER_OBJECT_CONVERSION = YES_AGGRESSIVE;
				CLANG_CXX_LANGUAGE_STANDARD = "gnu++14";
				CLANG_CXX_LIBRARY = "libc++";
				CLANG_ENABLE_MODULES = YES;
				CLANG_ENABLE_OBJC_ARC = YES;
				CLANG_ENABLE_OBJC_WEAK = YES;
				CLANG_WARN_BLOCK_CAPTURE_AUTORELEASING = YES;
				CLANG_WARN_BOOL_CONVERSION = YES;
				CLANG_WARN_COMMA = YES;
				CLANG_WARN_CONSTANT_CONVERSION = YES;
				CLANG_WARN_DEPRECATED_OBJC_IMPLEMENTATIONS = YES;
				CLANG_WARN_DIRECT_OBJC_ISA_USAGE = YES_ERROR;
				CLANG_WARN_DOCUMENTATION_COMMENTS = YES;
				CLANG_WARN_EMPTY_BODY = YES;
				CLANG_WARN_ENUM_CONVERSION = YES;
				CLANG_WARN_INFINITE_RECURSION = YES;
				CLANG_WARN_INT_CONVERSION = YES;
				CLANG_WARN_NON_LITERAL_NULL_CONVERSION = YES;
				CLANG_WARN_OBJC_IMPLICIT_RETAIN_SELF = YES;
				CLANG_WARN_OBJC_LITERAL_CONVERSION = YES;
				CLANG_WARN_OBJC_ROOT_CLASS = YES_ERROR;
				CLANG_WARN_RANGE_LOOP_ANALYSIS = YES;
				CLANG_WARN_STRICT_PROTOTYPES = YES;
				CLANG_WARN_SUSPICIOUS_MOVE = YES;
				CLANG_WARN_UNGUARDED_AVAILABILITY = YES_AGGRESSIVE;
				CLANG_WARN_UNREACHABLE_CODE = YES;
				CLANG_WARN__DUPLICATE_METHOD_MATCH = YES;
				COPY_PHASE_STRIP = NO;
				DEBUG_INFORMATION_FORMAT = "dwarf-with-dsym";
				ENABLE_NS_ASSERTIONS = NO;
				ENABLE_STRICT_OBJC_MSGSEND = YES;
				GCC_C_LANGUAGE_STANDARD = gnu11;
				GCC_NO_COMMON_BLOCKS = YES;
				GCC_WARN_64_TO_32_BIT_CONVERSION = YES;
				GCC_WARN_ABOUT_RETURN_TYPE = YES_ERROR;
				GCC_WARN_UNDECLARED_SELECTOR = YES;
				GCC_WARN_UNINITIALIZED_AUTOS = YES_AGGRESSIVE;
				GCC_WARN_UNUSED_FUNCTION = YES;
				GCC_WARN_UNUSED_VARIABLE = YES;
				MACOSX_DEPLOYMENT_TARGET = 10.15;
				MTL_ENABLE_DEBUG_INFO = NO;
				MTL_FAST_MATH = YES;
				SDKROOT = macosx;
			};
			name = Release;
		};
		E7BD073025260A9F00D0528E /* Debug */ = {
			isa = XCBuildConfiguration;
			buildSettings = {
				ASSETCATALOG_COMPILER_APPICON_NAME = AppIcon;
				CODE_SIGN_ENTITLEMENTS = FreeCells2/FreeCells2.entitlements;
				CODE_SIGN_STYLE = Automatic;
				COMBINE_HIDPI_IMAGES = YES;
				DEVELOPMENT_TEAM = KZGQ7SJJG4;
				ENABLE_HARDENED_RUNTIME = YES;
				INFOPLIST_FILE = FreeCells2/Info.plist;
				LD_RUNPATH_SEARCH_PATHS = (
					"$(inherited)",
					"@executable_path/../Frameworks",
				);
				MARKETING_VERSION = 1.0.1;
				PRODUCT_BUNDLE_IDENTIFIER = com.AlanChaoLin.freecell.FreeCells2;
				PRODUCT_NAME = "$(TARGET_NAME)";
			};
			name = Debug;
		};
		E7BD073125260A9F00D0528E /* Release */ = {
			isa = XCBuildConfiguration;
			buildSettings = {
				ASSETCATALOG_COMPILER_APPICON_NAME = AppIcon;
				CODE_SIGN_ENTITLEMENTS = FreeCells2/FreeCells2.entitlements;
				CODE_SIGN_STYLE = Automatic;
				COMBINE_HIDPI_IMAGES = YES;
				DEVELOPMENT_TEAM = KZGQ7SJJG4;
				ENABLE_HARDENED_RUNTIME = YES;
				INFOPLIST_FILE = FreeCells2/Info.plist;
				LD_RUNPATH_SEARCH_PATHS = (
					"$(inherited)",
					"@executable_path/../Frameworks",
				);
				MARKETING_VERSION = 1.0.1;
				PRODUCT_BUNDLE_IDENTIFIER = com.AlanChaoLin.freecell.FreeCells2;
				PRODUCT_NAME = "$(TARGET_NAME)";
			};
			name = Release;
		};
/* End XCBuildConfiguration section */

/* Begin XCConfigurationList section */
		E7BD071625260A9D00D0528E /* Build configuration list for PBXProject "FreeCells2" */ = {
			isa = XCConfigurationList;
			buildConfigurations = (
				E7BD072D25260A9F00D0528E /* Debug */,
				E7BD072E25260A9F00D0528E /* Release */,
			);
			defaultConfigurationIsVisible = 0;
			defaultConfigurationName = Release;
		};
		E7BD072F25260A9F00D0528E /* Build configuration list for PBXNativeTarget "FreeCells2" */ = {
			isa = XCConfigurationList;
			buildConfigurations = (
				E7BD073025260A9F00D0528E /* Debug */,
				E7BD073125260A9F00D0528E /* Release */,
			);
			defaultConfigurationIsVisible = 0;
			defaultConfigurationName = Release;
		};
/* End XCConfigurationList section */
	};
	rootObject = E7BD071325260A9D00D0528E /* Project object */;
}
